
Microsoft Visual Studio Solution File, Format Version 12.00
# Visual Studio Version 17
VisualStudioVersion = 17.0.32014.148
MinimumVisualStudioVersion = 10.0.40219.1
Project("{FAE04EC0-301F-11D3-BF4B-00C04F79EFBC}") = "PJ_SMTP", "PJ_SMTP\PJ_SMTP.csproj", "{9F3FAF6D-F446-4F38-8502-106FB586F82F}"
EndProject
Global
	GlobalSection(SolutionConfigurationPlatforms) = preSolution
		Debug|Any CPU = Debug|Any CPU
		Release|Any CPU = Release|Any CPU
	EndGlobalSection
	GlobalSection(ProjectConfigurationPlatforms) = postSolution
		{9F3FAF6D-F446-4F38-8502-106FB586F82F}.Debug|Any CPU.ActiveCfg = Debug|Any CPU
		{9F3FAF6D-F446-4F38-8502-106FB586F82F}.Debug|Any CPU.Build.0 = Debug|Any CPU
		{9F3FAF6D-F446-4F38-8502-106FB586F82F}.Release|Any CPU.ActiveCfg = Release|Any CPU
		{9F3FAF6D-F446-4F38-8502-106FB586F82F}.Release|Any CPU.Build.0 = Release|Any CPU
	EndGlobalSection
	GlobalSection(SolutionProperties) = preSolution
		HideSolutionNode = FALSE
	EndGlobalSection
	GlobalSection(ExtensibilityGlobals) = postSolution
		SolutionGuid = {120EDD44-8200-43B8-8895-C7F750E5077D}
	EndGlobalSection
EndGlobal
